{
    "_readme": [
        "This file locks the dependencies of your project to a known state",
        "Read more about it at https://getcomposer.org/doc/01-basic-usage.md#installing-dependencies",
        "This file is @generated automatically"
    ],
    "content-hash": "a2d973e495132d5a90f7d0bfaa3a08ff",
    "packages": [
        {
            "name": "eftec/bladeone",
            "version": "4.18",
            "source": {
                "type": "git",
                "url": "https://github.com/EFTEC/BladeOne.git",
                "reference": "fb51dcd21ba6c998b96d26ac5babfca1bd05acdf"
            },
            "dist": {
                "type": "zip",
                "url": "https://api.github.com/repos/EFTEC/BladeOne/zipball/fb51dcd21ba6c998b96d26ac5babfca1bd05acdf",
                "reference": "fb51dcd21ba6c998b96d26ac5babfca1bd05acdf",
                "shasum": ""
            },
            "require": {
                "ext-json": "*",
                "php": ">=7.4"
            },
            "require-dev": {
                "phpunit/phpunit": "^8.5.23"
            },
            "suggest": {
                "eftec/bladeonehtml": "Extension to create forms",
                "ext-mbstring": "This extension is used if it's active"
            },
            "bin": [
                "lib/bladeonecli"
            ],
            "type": "library",
            "autoload": {
                "psr-4": {
                    "eftec\\bladeone\\": "lib/"
                }
            },
            "notification-url": "https://packagist.org/downloads/",
            "license": [
                "MIT"
            ],
            "authors": [
                {
                    "name": "Jorge Patricio Castro Castillo",
                    "email": "jcastro@eftec.cl"
                }
            ],
            "description": "The standalone version Blade Template Engine from Laravel in a single php file",
            "homepage": "https://github.com/EFTEC/BladeOne",
            "keywords": [
                "blade",
                "php",
                "template",
                "templating",
                "view"
            ],
            "support": {
                "issues": "https://github.com/EFTEC/BladeOne/issues",
                "source": "https://github.com/EFTEC/BladeOne/tree/4.18"
            },
            "time": "2025-02-22T00:12:47+00:00"
        },
        {
            "name": "mkocansey/bladewind",
            "version": "v3.0.8",
            "source": {
                "type": "git",
                "url": "https://github.com/mkocansey/bladewind.git",
                "reference": "707ebeacc99a6c211e8c1d7c067bd6fa0e1823b1"
            },
            "dist": {
                "type": "zip",
                "url": "https://api.github.com/repos/mkocansey/bladewind/zipball/707ebeacc99a6c211e8c1d7c067bd6fa0e1823b1",
                "reference": "707ebeacc99a6c211e8c1d7c067bd6fa0e1823b1",
                "shasum": ""
            },
            "require": {
                "php": ">=8.0"
            },
            "type": "library",
            "extra": {
                "laravel": {
                    "providers": [
                        "Mkocansey\\Bladewind\\BladewindServiceProvider"
                    ]
                }
            },
            "autoload": {
                "psr-4": {
                    "Mkocansey\\Bladewind\\": "src/"
                }
            },
            "notification-url": "https://packagist.org/downloads/",
            "license": [
                "MIT"
            ],
            "authors": [
                {
                    "name": "Michael K. Ocansey",
                    "email": "mike@bladewindui.com"
                }
            ],
            "description": "Laravel UI Components using TailwindCSS, Blade Templates and vanilla Javascript",
            "keywords": [
                "Ui Components",
                "blade components",
                "laravel",
                "tailwindcss"
            ],
            "support": {
                "issues": "https://github.com/mkocansey/bladewind/issues",
                "source": "https://github.com/mkocansey/bladewind/tree/v3.0.8"
            },
            "time": "2025-06-15T08:52:14+00:00"
        },
        {
            "name": "symfony/deprecation-contracts",
            "version": "v3.6.0",
            "source": {
                "type": "git",
                "url": "https://github.com/symfony/deprecation-contracts.git",
                "reference": "63afe740e99a13ba87ec199bb07bbdee937a5b62"
            },
            "dist": {
                "type": "zip",
                "url": "https://api.github.com/repos/symfony/deprecation-contracts/zipball/63afe740e99a13ba87ec199bb07bbdee937a5b62",
                "reference": "63afe740e99a13ba87ec199bb07bbdee937a5b62",
                "shasum": ""
            },
            "require": {
                "php": ">=8.1"
            },
            "type": "library",
            "extra": {
                "thanks": {
                    "url": "https://github.com/symfony/contracts",
                    "name": "symfony/contracts"
                },
                "branch-alias": {
                    "dev-main": "3.6-dev"
                }
            },
            "autoload": {
                "files": [
                    "function.php"
                ]
            },
            "notification-url": "https://packagist.org/downloads/",
            "license": [
                "MIT"
            ],
            "authors": [
                {
                    "name": "Nicolas Grekas",
                    "email": "p@tchwork.com"
                },
                {
                    "name": "Symfony Community",
                    "homepage": "https://symfony.com/contributors"
                }
            ],
            "description": "A generic function and convention to trigger deprecation notices",
            "homepage": "https://symfony.com",
            "support": {
                "source": "https://github.com/symfony/deprecation-contracts/tree/v3.6.0"
            },
            "funding": [
                {
                    "url": "https://symfony.com/sponsor",
                    "type": "custom"
                },
                {
                    "url": "https://github.com/fabpot",
                    "type": "github"
                },
                {
                    "url": "https://tidelift.com/funding/github/packagist/symfony/symfony",
                    "type": "tidelift"
                }
            ],
            "time": "2024-09-25T14:21:43+00:00"
        },
        {
            "name": "symfony/polyfill-ctype",
            "version": "v1.32.0",
            "source": {
                "type": "git",
                "url": "https://github.com/symfony/polyfill-ctype.git",
                "reference": "a3cc8b044a6ea513310cbd48ef7333b384945638"
            },
            "dist": {
                "type": "zip",
                "url": "https://api.github.com/repos/symfony/polyfill-ctype/zipball/a3cc8b044a6ea513310cbd48ef7333b384945638",
                "reference": "a3cc8b044a6ea513310cbd48ef7333b384945638",
                "shasum": ""
            },
            "require": {
                "php": ">=7.2"
            },
            "provide": {
                "ext-ctype": "*"
            },
            "suggest": {
                "ext-ctype": "For best performance"
            },
            "type": "library",
            "extra": {
                "thanks": {
                    "url": "https://github.com/symfony/polyfill",
                    "name": "symfony/polyfill"
                }
            },
            "autoload": {
                "files": [
                    "bootstrap.php"
                ],
                "psr-4": {
                    "Symfony\\Polyfill\\Ctype\\": ""
                }
            },
            "notification-url": "https://packagist.org/downloads/",
            "license": [
                "MIT"
            ],
            "authors": [
                {
                    "name": "Gert de Pagter",
                    "email": "BackEndTea@gmail.com"
                },
                {
                    "name": "Symfony Community",
                    "homepage": "https://symfony.com/contributors"
                }
            ],
            "description": "Symfony polyfill for ctype functions",
            "homepage": "https://symfony.com",
            "keywords": [
                "compatibility",
                "ctype",
                "polyfill",
                "portable"
            ],
            "support": {
                "source": "https://github.com/symfony/polyfill-ctype/tree/v1.32.0"
            },
            "funding": [
                {
                    "url": "https://symfony.com/sponsor",
                    "type": "custom"
                },
                {
                    "url": "https://github.com/fabpot",
                    "type": "github"
                },
                {
                    "url": "https://tidelift.com/funding/github/packagist/symfony/symfony",
                    "type": "tidelift"
                }
            ],
            "time": "2024-09-09T11:45:10+00:00"
        },
        {
            "name": "symfony/yaml",
            "version": "v5.4.45",
            "source": {
                "type": "git",
                "url": "https://github.com/symfony/yaml.git",
                "reference": "a454d47278cc16a5db371fe73ae66a78a633371e"
            },
            "dist": {
                "type": "zip",
                "url": "https://api.github.com/repos/symfony/yaml/zipball/a454d47278cc16a5db371fe73ae66a78a633371e",
                "reference": "a454d47278cc16a5db371fe73ae66a78a633371e",
                "shasum": ""
            },
            "require": {
                "php": ">=7.2.5",
                "symfony/deprecation-contracts": "^2.1|^3",
                "symfony/polyfill-ctype": "^1.8"
            },
            "conflict": {
                "symfony/console": "<5.3"
            },
            "require-dev": {
                "symfony/console": "^5.3|^6.0"
            },
            "suggest": {
                "symfony/console": "For validating YAML files using the lint command"
            },
            "bin": [
                "Resources/bin/yaml-lint"
            ],
            "type": "library",
            "autoload": {
                "psr-4": {
                    "Symfony\\Component\\Yaml\\": ""
                },
                "exclude-from-classmap": [
                    "/Tests/"
                ]
            },
            "notification-url": "https://packagist.org/downloads/",
            "license": [
                "MIT"
            ],
            "authors": [
                {
                    "name": "Fabien Potencier",
                    "email": "fabien@symfony.com"
                },
                {
                    "name": "Symfony Community",
                    "homepage": "https://symfony.com/contributors"
                }
            ],
            "description": "Loads and dumps YAML files",
            "homepage": "https://symfony.com",
            "support": {
                "source": "https://github.com/symfony/yaml/tree/v5.4.45"
            },
            "funding": [
                {
                    "url": "https://symfony.com/sponsor",
                    "type": "custom"
                },
                {
                    "url": "https://github.com/fabpot",
                    "type": "github"
                },
                {
                    "url": "https://tidelift.com/funding/github/packagist/symfony/symfony",
                    "type": "tidelift"
                }
            ],
            "time": "2024-09-25T14:11:13+00:00"
        },
        {
            "name": "wpbones/wpbones",
            "version": "dev-master",
            "source": {
                "type": "git",
                "url": "https://github.com/wpbones/WPBones.git",
                "reference": "7cd0f8c4480213b2b6d3d473668e948395536145"
            },
            "dist": {
                "type": "zip",
                "url": "https://api.github.com/repos/wpbones/WPBones/zipball/7cd0f8c4480213b2b6d3d473668e948395536145",
                "reference": "7cd0f8c4480213b2b6d3d473668e948395536145",
                "shasum": ""
            },
            "require": {
                "eftec/bladeone": "^4.13",
                "php": ">=7.4"
            },
            "default-branch": true,
            "type": "library",
            "autoload": {
                "files": [
                    "src/helpers.php"
                ],
                "psr-4": {
                    "WPKirk\\WPBones\\": "src/"
                }
            },
            "notification-url": "https://packagist.org/downloads/",
            "license": [
                "LGPL-3.0-or-later"
            ],
            "authors": [
                {
                    "name": "Giovambattista Fazioli",
                    "email": "wpbones.info@gmail.com",
                    "homepage": "https://wpbones.com/"
                }
            ],
            "description": "WordPress framework for Laravel developers",
            "homepage": "https://wpbones.com",
            "keywords": [
                "framework",
                "laravel",
                "plugins",
                "themes",
                "wordpress",
                "wpbones"
            ],
            "support": {
                "issues": "https://github.com/wpbones/WPBones/issues",
                "source": "https://github.com/wpbones/WPBones/"
            },
            "funding": [
                {
                    "url": "https://github.com/wpbones",
                    "type": "github"
                }
            ],
            "time": "2025-05-27T05:53:59+00:00"
        },
        {
            "name": "wpbones/wpkirk-helpers",
            "version": "2.0.12",
            "source": {
                "type": "git",
                "url": "https://github.com/wpbones/wpkirk-helpers.git",
                "reference": "2ef8a99fefa41d56d209f48cdf0c1a80fdee79c8"
            },
            "dist": {
                "type": "zip",
                "url": "https://api.github.com/repos/wpbones/wpkirk-helpers/zipball/2ef8a99fefa41d56d209f48cdf0c1a80fdee79c8",
                "reference": "2ef8a99fefa41d56d209f48cdf0c1a80fdee79c8",
                "shasum": ""
            },
            "require": {
                "php": ">=7.4",
                "symfony/yaml": "^5.0"
            },
            "type": "library",
            "autoload": {
                "files": [
                    "src/helpers.php"
                ]
            },
            "notification-url": "https://packagist.org/downloads/",
            "license": [
                "MIT"
            ],
            "authors": [
                {
                    "name": "Giovambattista Fazioli",
                    "email": "wpbones.info@gmail.com",
                    "homepage": "https://wpbones.com/docs/Packages/official-packages"
                }
            ],
            "description": "Helpers functions for WP Bones Boilerplate plugin",
            "homepage": "https://github.com/wpbones/wpkirk-helpers",
            "keywords": [
                "WP Bones",
                "features",
                "helpers"
            ],
            "support": {
                "email": "wpbones.info@gmail.com",
                "issues": "https://github.com/wpbones/wpkirk-helpers/issues",
                "source": "https://github.com/wpbones/wpkirk-helpers/tree/2.0.12"
            },
            "time": "2024-11-27T13:13:20+00:00"
        }
    ],
    "packages-dev": [],
    "aliases": [],
    "minimum-stability": "stable",
    "stability-flags": {
        "wpbones/wpbones": 20
    },
    "prefer-stable": false,
    "prefer-lowest": false,
    "platform": {
        "php": ">=7.4"
    },
    "platform-dev": {},
    "plugin-api-version": "2.6.0"
}
